
Microsoft Visual Studio Solution File, Format Version 12.00
# Visual Studio Version 17
VisualStudioVersion = 17.0.32112.339
MinimumVisualStudioVersion = 10.0.40219.1
Project("{9A19103F-16F7-4668-BE54-9A1E7A4F7556}") = "Pythia.Core", "Pythia.Core\Pythia.Core.csproj", "{8B99B539-0CBE-4479-84A2-D5593E946C0C}"
EndProject
Project("{2150E333-8FDC-42A3-9474-1A3956D46DE8}") = "Solution Items", "Solution Items", "{124FFAEC-E9E7-4D30-9A16-4693FE3887BF}"
	ProjectSection(SolutionItems) = preProject
		build-cli.ps1 = build-cli.ps1
		CHANGELOG.md = CHANGELOG.md
		docker-compose.yml = docker-compose.yml
		Dockerfile = Dockerfile
		Pack.bat = Pack.bat
		pythia-dump.zip = pythia-dump.zip
		README.md = README.md
		UpdatePlugins.bat = UpdatePlugins.bat
	EndProjectSection
EndProject
Project("{9A19103F-16F7-4668-BE54-9A1E7A4F7556}") = "Pythia.Core.Test", "Pythia.Core.Test\Pythia.Core.Test.csproj", "{A8E6435F-80A1-44CA-83CF-42868375BD15}"
EndProject
Project("{9A19103F-16F7-4668-BE54-9A1E7A4F7556}") = "Pythia.Liz.Plugin", "Pythia.Liz.Plugin\Pythia.Liz.Plugin.csproj", "{5EFBF007-4616-4B3A-8258-B53371DB0289}"
EndProject
Project("{9A19103F-16F7-4668-BE54-9A1E7A4F7556}") = "Pythia.Core.Plugin", "Pythia.Core.Plugin\Pythia.Core.Plugin.csproj", "{46EFB520-EA55-47C5-B2CB-263191799678}"
EndProject
Project("{9A19103F-16F7-4668-BE54-9A1E7A4F7556}") = "Pythia.Core.Plugin.Test", "Pythia.Core.Plugin.Test\Pythia.Core.Plugin.Test.csproj", "{8D8A8275-207D-4600-9EBA-0E3DA17E4DDF}"
EndProject
Project("{9A19103F-16F7-4668-BE54-9A1E7A4F7556}") = "Pythia.Tagger", "Pythia.Tagger\Pythia.Tagger.csproj", "{97C1E745-1BBB-41A4-88E9-18D458C3BF83}"
EndProject
Project("{9A19103F-16F7-4668-BE54-9A1E7A4F7556}") = "Pythia.Tagger.Ita.Plugin", "Pythia.Tagger.Ita.Plugin\Pythia.Tagger.Ita.Plugin.csproj", "{62189446-40AF-4E60-9EB5-A2572D6C0B97}"
EndProject
Project("{9A19103F-16F7-4668-BE54-9A1E7A4F7556}") = "Pythia.Tagger.Ita.Plugin.Test", "Pythia.Tagger.Ita.Plugin.Test\Pythia.Tagger.Ita.Plugin.Test.csproj", "{5D7D60C0-F154-45AF-B39A-AD7C74DB1693}"
EndProject
Project("{9A19103F-16F7-4668-BE54-9A1E7A4F7556}") = "Pythia.Sql", "Pythia.Sql\Pythia.Sql.csproj", "{0A8A0E0A-D346-4226-8A8F-0D792FCC95C9}"
EndProject
Project("{9A19103F-16F7-4668-BE54-9A1E7A4F7556}") = "Pythia.Sql.PgSql", "Pythia.Sql.PgSql\Pythia.Sql.PgSql.csproj", "{619C7328-7F5C-4320-8A5C-7781F453CFFE}"
EndProject
Project("{9A19103F-16F7-4668-BE54-9A1E7A4F7556}") = "pythia", "pythia\pythia.csproj", "{49D503D1-0889-4D8A-8D47-12E96036B9AA}"
EndProject
Project("{9A19103F-16F7-4668-BE54-9A1E7A4F7556}") = "Pythia.Sql.PgSql.Test", "Pythia.Sql.PgSql.Test\Pythia.Sql.PgSql.Test.csproj", "{7FCC08C8-12AD-4974-AA3F-4B1DD23E2713}"
EndProject
Project("{9A19103F-16F7-4668-BE54-9A1E7A4F7556}") = "Pythia.Api", "Pythia.Api\Pythia.Api.csproj", "{16F8D010-BCDB-4ACD-9EB7-CEA145FB332E}"
EndProject
Project("{9A19103F-16F7-4668-BE54-9A1E7A4F7556}") = "Pythia.Api.Models", "Pythia.Api.Models\Pythia.Api.Models.csproj", "{7D0C5DE9-A13D-458F-A1A8-6DD0956FBF8F}"
EndProject
Project("{9A19103F-16F7-4668-BE54-9A1E7A4F7556}") = "Pythia.Api.Services", "Pythia.Api.Services\Pythia.Api.Services.csproj", "{CEF83344-D164-45D9-AA03-6C4F903C5608}"
EndProject
Project("{9A19103F-16F7-4668-BE54-9A1E7A4F7556}") = "Pythia.Api.Controllers", "Pythia.Api.Controllers\Pythia.Api.Controllers.csproj", "{B4EDAF7E-9358-4348-89AC-1031BCD58FF0}"
EndProject
Project("{9A19103F-16F7-4668-BE54-9A1E7A4F7556}") = "Pythia.Cli.Core", "Pythia.Cli.Core\Pythia.Cli.Core.csproj", "{FD42B50B-0CD3-4C71-AAF7-25E649820724}"
EndProject
Project("{9A19103F-16F7-4668-BE54-9A1E7A4F7556}") = "Pythia.Cli.Plugin.Standard", "Pythia.Cli.Plugin.Standard\Pythia.Cli.Plugin.Standard.csproj", "{91AEDE53-731E-4D51-A495-B12D85A5EEED}"
EndProject
Project("{9A19103F-16F7-4668-BE54-9A1E7A4F7556}") = "Pythia.Xlsx.Plugin", "Pythia.Xlsx.Plugin\Pythia.Xlsx.Plugin.csproj", "{9E89581F-5AE3-4587-A83E-F0262EB7E17A}"
EndProject
Project("{9A19103F-16F7-4668-BE54-9A1E7A4F7556}") = "Pythia.Cli.Plugin.Xlsx", "Pythia.Cli.Plugin.Xlsx\Pythia.Cli.Plugin.Xlsx.csproj", "{C335F83B-172C-4E23-B5DB-DD3015FE44C8}"
EndProject
Project("{9A19103F-16F7-4668-BE54-9A1E7A4F7556}") = "Pythia.Xlsx.Plugin.Test", "Pythia.Xlsx.Plugin.Test\Pythia.Xlsx.Plugin.Test.csproj", "{9181C727-57BF-4602-B628-9697108EBF10}"
EndProject
Project("{9A19103F-16F7-4668-BE54-9A1E7A4F7556}") = "Pythia.Udp.Plugin", "Pythia.Udp.Plugin\Pythia.Udp.Plugin.csproj", "{FBC1F2D4-D5A1-4B3F-8D37-9FCE709D9622}"
EndProject
Project("{9A19103F-16F7-4668-BE54-9A1E7A4F7556}") = "Pythia.Udp.Plugin.Test", "Pythia.Udp.Plugin.Test\Pythia.Udp.Plugin.Test.csproj", "{74343CF7-E030-4A5C-B980-068325357C13}"
EndProject
Project("{9A19103F-16F7-4668-BE54-9A1E7A4F7556}") = "Pythia.Cli.Plugin.Udp", "Pythia.Cli.Plugin.Udp\Pythia.Cli.Plugin.Udp.csproj", "{750E73F0-671E-4F86-BA69-A2B32309F2C5}"
EndProject
Project("{FAE04EC0-301F-11D3-BF4B-00C04F79EFBC}") = "Pythia.Chiron.Ita.Plugin", "Pythia.Chiron.Ita.Plugin\Pythia.Chiron.Ita.Plugin.csproj", "{102EF102-3F08-47AD-8CD1-A0D4C1C22090}"
EndProject
Project("{FAE04EC0-301F-11D3-BF4B-00C04F79EFBC}") = "Pythia.Chiron", "Pythia.Chiron\Pythia.Chiron.csproj", "{AEB9BACD-3A7D-4B35-A4D8-F2C59B1A6306}"
EndProject
Project("{FAE04EC0-301F-11D3-BF4B-00C04F79EFBC}") = "Pythia.Chiron.Ita.Plugin.Test", "Pythia.Chiron.Ita.Plugin.Test\Pythia.Chiron.Ita.Plugin.Test.csproj", "{5D0AA092-9E54-4128-9ED2-FAF7942435B6}"
EndProject
Global
	GlobalSection(SolutionConfigurationPlatforms) = preSolution
		Debug|Any CPU = Debug|Any CPU
		Release|Any CPU = Release|Any CPU
	EndGlobalSection
	GlobalSection(ProjectConfigurationPlatforms) = postSolution
		{8B99B539-0CBE-4479-84A2-D5593E946C0C}.Debug|Any CPU.ActiveCfg = Debug|Any CPU
		{8B99B539-0CBE-4479-84A2-D5593E946C0C}.Debug|Any CPU.Build.0 = Debug|Any CPU
		{8B99B539-0CBE-4479-84A2-D5593E946C0C}.Release|Any CPU.ActiveCfg = Release|Any CPU
		{8B99B539-0CBE-4479-84A2-D5593E946C0C}.Release|Any CPU.Build.0 = Release|Any CPU
		{A8E6435F-80A1-44CA-83CF-42868375BD15}.Debug|Any CPU.ActiveCfg = Debug|Any CPU
		{A8E6435F-80A1-44CA-83CF-42868375BD15}.Debug|Any CPU.Build.0 = Debug|Any CPU
		{A8E6435F-80A1-44CA-83CF-42868375BD15}.Release|Any CPU.ActiveCfg = Release|Any CPU
		{A8E6435F-80A1-44CA-83CF-42868375BD15}.Release|Any CPU.Build.0 = Release|Any CPU
		{5EFBF007-4616-4B3A-8258-B53371DB0289}.Debug|Any CPU.ActiveCfg = Debug|Any CPU
		{5EFBF007-4616-4B3A-8258-B53371DB0289}.Debug|Any CPU.Build.0 = Debug|Any CPU
		{5EFBF007-4616-4B3A-8258-B53371DB0289}.Release|Any CPU.ActiveCfg = Release|Any CPU
		{5EFBF007-4616-4B3A-8258-B53371DB0289}.Release|Any CPU.Build.0 = Release|Any CPU
		{46EFB520-EA55-47C5-B2CB-263191799678}.Debug|Any CPU.ActiveCfg = Debug|Any CPU
		{46EFB520-EA55-47C5-B2CB-263191799678}.Debug|Any CPU.Build.0 = Debug|Any CPU
		{46EFB520-EA55-47C5-B2CB-263191799678}.Release|Any CPU.ActiveCfg = Release|Any CPU
		{46EFB520-EA55-47C5-B2CB-263191799678}.Release|Any CPU.Build.0 = Release|Any CPU
		{8D8A8275-207D-4600-9EBA-0E3DA17E4DDF}.Debug|Any CPU.ActiveCfg = Debug|Any CPU
		{8D8A8275-207D-4600-9EBA-0E3DA17E4DDF}.Debug|Any CPU.Build.0 = Debug|Any CPU
		{8D8A8275-207D-4600-9EBA-0E3DA17E4DDF}.Release|Any CPU.ActiveCfg = Release|Any CPU
		{8D8A8275-207D-4600-9EBA-0E3DA17E4DDF}.Release|Any CPU.Build.0 = Release|Any CPU
		{97C1E745-1BBB-41A4-88E9-18D458C3BF83}.Debug|Any CPU.ActiveCfg = Debug|Any CPU
		{97C1E745-1BBB-41A4-88E9-18D458C3BF83}.Debug|Any CPU.Build.0 = Debug|Any CPU
		{97C1E745-1BBB-41A4-88E9-18D458C3BF83}.Release|Any CPU.ActiveCfg = Release|Any CPU
		{97C1E745-1BBB-41A4-88E9-18D458C3BF83}.Release|Any CPU.Build.0 = Release|Any CPU
		{62189446-40AF-4E60-9EB5-A2572D6C0B97}.Debug|Any CPU.ActiveCfg = Debug|Any CPU
		{62189446-40AF-4E60-9EB5-A2572D6C0B97}.Debug|Any CPU.Build.0 = Debug|Any CPU
		{62189446-40AF-4E60-9EB5-A2572D6C0B97}.Release|Any CPU.ActiveCfg = Release|Any CPU
		{62189446-40AF-4E60-9EB5-A2572D6C0B97}.Release|Any CPU.Build.0 = Release|Any CPU
		{5D7D60C0-F154-45AF-B39A-AD7C74DB1693}.Debug|Any CPU.ActiveCfg = Debug|Any CPU
		{5D7D60C0-F154-45AF-B39A-AD7C74DB1693}.Debug|Any CPU.Build.0 = Debug|Any CPU
		{5D7D60C0-F154-45AF-B39A-AD7C74DB1693}.Release|Any CPU.ActiveCfg = Release|Any CPU
		{5D7D60C0-F154-45AF-B39A-AD7C74DB1693}.Release|Any CPU.Build.0 = Release|Any CPU
		{0A8A0E0A-D346-4226-8A8F-0D792FCC95C9}.Debug|Any CPU.ActiveCfg = Debug|Any CPU
		{0A8A0E0A-D346-4226-8A8F-0D792FCC95C9}.Debug|Any CPU.Build.0 = Debug|Any CPU
		{0A8A0E0A-D346-4226-8A8F-0D792FCC95C9}.Release|Any CPU.ActiveCfg = Release|Any CPU
		{0A8A0E0A-D346-4226-8A8F-0D792FCC95C9}.Release|Any CPU.Build.0 = Release|Any CPU
		{619C7328-7F5C-4320-8A5C-7781F453CFFE}.Debug|Any CPU.ActiveCfg = Debug|Any CPU
		{619C7328-7F5C-4320-8A5C-7781F453CFFE}.Debug|Any CPU.Build.0 = Debug|Any CPU
		{619C7328-7F5C-4320-8A5C-7781F453CFFE}.Release|Any CPU.ActiveCfg = Release|Any CPU
		{619C7328-7F5C-4320-8A5C-7781F453CFFE}.Release|Any CPU.Build.0 = Release|Any CPU
		{49D503D1-0889-4D8A-8D47-12E96036B9AA}.Debug|Any CPU.ActiveCfg = Debug|Any CPU
		{49D503D1-0889-4D8A-8D47-12E96036B9AA}.Debug|Any CPU.Build.0 = Debug|Any CPU
		{49D503D1-0889-4D8A-8D47-12E96036B9AA}.Release|Any CPU.ActiveCfg = Release|Any CPU
		{49D503D1-0889-4D8A-8D47-12E96036B9AA}.Release|Any CPU.Build.0 = Release|Any CPU
		{7FCC08C8-12AD-4974-AA3F-4B1DD23E2713}.Debug|Any CPU.ActiveCfg = Debug|Any CPU
		{7FCC08C8-12AD-4974-AA3F-4B1DD23E2713}.Debug|Any CPU.Build.0 = Debug|Any CPU
		{7FCC08C8-12AD-4974-AA3F-4B1DD23E2713}.Release|Any CPU.ActiveCfg = Release|Any CPU
		{7FCC08C8-12AD-4974-AA3F-4B1DD23E2713}.Release|Any CPU.Build.0 = Release|Any CPU
		{16F8D010-BCDB-4ACD-9EB7-CEA145FB332E}.Debug|Any CPU.ActiveCfg = Debug|Any CPU
		{16F8D010-BCDB-4ACD-9EB7-CEA145FB332E}.Debug|Any CPU.Build.0 = Debug|Any CPU
		{16F8D010-BCDB-4ACD-9EB7-CEA145FB332E}.Release|Any CPU.ActiveCfg = Release|Any CPU
		{16F8D010-BCDB-4ACD-9EB7-CEA145FB332E}.Release|Any CPU.Build.0 = Release|Any CPU
		{7D0C5DE9-A13D-458F-A1A8-6DD0956FBF8F}.Debug|Any CPU.ActiveCfg = Debug|Any CPU
		{7D0C5DE9-A13D-458F-A1A8-6DD0956FBF8F}.Debug|Any CPU.Build.0 = Debug|Any CPU
		{7D0C5DE9-A13D-458F-A1A8-6DD0956FBF8F}.Release|Any CPU.ActiveCfg = Release|Any CPU
		{7D0C5DE9-A13D-458F-A1A8-6DD0956FBF8F}.Release|Any CPU.Build.0 = Release|Any CPU
		{CEF83344-D164-45D9-AA03-6C4F903C5608}.Debug|Any CPU.ActiveCfg = Debug|Any CPU
		{CEF83344-D164-45D9-AA03-6C4F903C5608}.Debug|Any CPU.Build.0 = Debug|Any CPU
		{CEF83344-D164-45D9-AA03-6C4F903C5608}.Release|Any CPU.ActiveCfg = Release|Any CPU
		{CEF83344-D164-45D9-AA03-6C4F903C5608}.Release|Any CPU.Build.0 = Release|Any CPU
		{B4EDAF7E-9358-4348-89AC-1031BCD58FF0}.Debug|Any CPU.ActiveCfg = Debug|Any CPU
		{B4EDAF7E-9358-4348-89AC-1031BCD58FF0}.Debug|Any CPU.Build.0 = Debug|Any CPU
		{B4EDAF7E-9358-4348-89AC-1031BCD58FF0}.Release|Any CPU.ActiveCfg = Release|Any CPU
		{B4EDAF7E-9358-4348-89AC-1031BCD58FF0}.Release|Any CPU.Build.0 = Release|Any CPU
		{FD42B50B-0CD3-4C71-AAF7-25E649820724}.Debug|Any CPU.ActiveCfg = Debug|Any CPU
		{FD42B50B-0CD3-4C71-AAF7-25E649820724}.Debug|Any CPU.Build.0 = Debug|Any CPU
		{FD42B50B-0CD3-4C71-AAF7-25E649820724}.Release|Any CPU.ActiveCfg = Release|Any CPU
		{FD42B50B-0CD3-4C71-AAF7-25E649820724}.Release|Any CPU.Build.0 = Release|Any CPU
		{91AEDE53-731E-4D51-A495-B12D85A5EEED}.Debug|Any CPU.ActiveCfg = Debug|Any CPU
		{91AEDE53-731E-4D51-A495-B12D85A5EEED}.Debug|Any CPU.Build.0 = Debug|Any CPU
		{91AEDE53-731E-4D51-A495-B12D85A5EEED}.Release|Any CPU.ActiveCfg = Release|Any CPU
		{91AEDE53-731E-4D51-A495-B12D85A5EEED}.Release|Any CPU.Build.0 = Release|Any CPU
		{9E89581F-5AE3-4587-A83E-F0262EB7E17A}.Debug|Any CPU.ActiveCfg = Debug|Any CPU
		{9E89581F-5AE3-4587-A83E-F0262EB7E17A}.Debug|Any CPU.Build.0 = Debug|Any CPU
		{9E89581F-5AE3-4587-A83E-F0262EB7E17A}.Release|Any CPU.ActiveCfg = Release|Any CPU
		{9E89581F-5AE3-4587-A83E-F0262EB7E17A}.Release|Any CPU.Build.0 = Release|Any CPU
		{C335F83B-172C-4E23-B5DB-DD3015FE44C8}.Debug|Any CPU.ActiveCfg = Debug|Any CPU
		{C335F83B-172C-4E23-B5DB-DD3015FE44C8}.Debug|Any CPU.Build.0 = Debug|Any CPU
		{C335F83B-172C-4E23-B5DB-DD3015FE44C8}.Release|Any CPU.ActiveCfg = Release|Any CPU
		{C335F83B-172C-4E23-B5DB-DD3015FE44C8}.Release|Any CPU.Build.0 = Release|Any CPU
		{9181C727-57BF-4602-B628-9697108EBF10}.Debug|Any CPU.ActiveCfg = Debug|Any CPU
		{9181C727-57BF-4602-B628-9697108EBF10}.Debug|Any CPU.Build.0 = Debug|Any CPU
		{9181C727-57BF-4602-B628-9697108EBF10}.Release|Any CPU.ActiveCfg = Release|Any CPU
		{9181C727-57BF-4602-B628-9697108EBF10}.Release|Any CPU.Build.0 = Release|Any CPU
		{FBC1F2D4-D5A1-4B3F-8D37-9FCE709D9622}.Debug|Any CPU.ActiveCfg = Debug|Any CPU
		{FBC1F2D4-D5A1-4B3F-8D37-9FCE709D9622}.Debug|Any CPU.Build.0 = Debug|Any CPU
		{FBC1F2D4-D5A1-4B3F-8D37-9FCE709D9622}.Release|Any CPU.ActiveCfg = Release|Any CPU
		{FBC1F2D4-D5A1-4B3F-8D37-9FCE709D9622}.Release|Any CPU.Build.0 = Release|Any CPU
		{74343CF7-E030-4A5C-B980-068325357C13}.Debug|Any CPU.ActiveCfg = Debug|Any CPU
		{74343CF7-E030-4A5C-B980-068325357C13}.Debug|Any CPU.Build.0 = Debug|Any CPU
		{74343CF7-E030-4A5C-B980-068325357C13}.Release|Any CPU.ActiveCfg = Release|Any CPU
		{74343CF7-E030-4A5C-B980-068325357C13}.Release|Any CPU.Build.0 = Release|Any CPU
		{750E73F0-671E-4F86-BA69-A2B32309F2C5}.Debug|Any CPU.ActiveCfg = Debug|Any CPU
		{750E73F0-671E-4F86-BA69-A2B32309F2C5}.Debug|Any CPU.Build.0 = Debug|Any CPU
		{750E73F0-671E-4F86-BA69-A2B32309F2C5}.Release|Any CPU.ActiveCfg = Release|Any CPU
		{750E73F0-671E-4F86-BA69-A2B32309F2C5}.Release|Any CPU.Build.0 = Release|Any CPU
		{102EF102-3F08-47AD-8CD1-A0D4C1C22090}.Debug|Any CPU.ActiveCfg = Debug|Any CPU
		{102EF102-3F08-47AD-8CD1-A0D4C1C22090}.Debug|Any CPU.Build.0 = Debug|Any CPU
		{102EF102-3F08-47AD-8CD1-A0D4C1C22090}.Release|Any CPU.ActiveCfg = Release|Any CPU
		{102EF102-3F08-47AD-8CD1-A0D4C1C22090}.Release|Any CPU.Build.0 = Release|Any CPU
		{AEB9BACD-3A7D-4B35-A4D8-F2C59B1A6306}.Debug|Any CPU.ActiveCfg = Debug|Any CPU
		{AEB9BACD-3A7D-4B35-A4D8-F2C59B1A6306}.Debug|Any CPU.Build.0 = Debug|Any CPU
		{AEB9BACD-3A7D-4B35-A4D8-F2C59B1A6306}.Release|Any CPU.ActiveCfg = Release|Any CPU
		{AEB9BACD-3A7D-4B35-A4D8-F2C59B1A6306}.Release|Any CPU.Build.0 = Release|Any CPU
		{5D0AA092-9E54-4128-9ED2-FAF7942435B6}.Debug|Any CPU.ActiveCfg = Debug|Any CPU
		{5D0AA092-9E54-4128-9ED2-FAF7942435B6}.Debug|Any CPU.Build.0 = Debug|Any CPU
		{5D0AA092-9E54-4128-9ED2-FAF7942435B6}.Release|Any CPU.ActiveCfg = Release|Any CPU
		{5D0AA092-9E54-4128-9ED2-FAF7942435B6}.Release|Any CPU.Build.0 = Release|Any CPU
	EndGlobalSection
	GlobalSection(SolutionProperties) = preSolution
		HideSolutionNode = FALSE
	EndGlobalSection
	GlobalSection(ExtensibilityGlobals) = postSolution
		SolutionGuid = {4478D03E-2B87-4465-83D6-9FC32EF45264}
	EndGlobalSection
EndGlobal
